// !$*UTF8*$!
{
	archiveVersion = 1;
	classes = {
	};
	objectVersion = 50;
	objects = {

/* Begin PBXBuildFile section */
		9009993E211800F90029F294 /* AllPathsOfLengthK.cpp in Sources */ = {isa = PBXBuildFile; fileRef = 9009993C211800F90029F294 /* AllPathsOfLengthK.cpp */; };
		90B236A8210EE2CD00023274 /* main.cpp in Sources */ = {isa = PBXBuildFile; fileRef = 90B236A7210EE2CD00023274 /* main.cpp */; };
		90B236B0210EE3A100023274 /* CoreFoundation.framework in Frameworks */ = {isa = PBXBuildFile; fileRef = 90B236AF210EE3A100023274 /* CoreFoundation.framework */; };
		90B236B2210EE3A900023274 /* IOKit.framework in Frameworks */ = {isa = PBXBuildFile; fileRef = 90B236B1210EE3A900023274 /* IOKit.framework */; };
		90B236B4210EE3CA00023274 /* libconcert.a in Frameworks */ = {isa = PBXBuildFile; fileRef = 90B236B3210EE3CA00023274 /* libconcert.a */; };
		90B236B6210EE3E000023274 /* libcplex.a in Frameworks */ = {isa = PBXBuildFile; fileRef = 90B236B5210EE3E000023274 /* libcplex.a */; };
		90B236B9210EE3F100023274 /* libilocplex.a in Frameworks */ = {isa = PBXBuildFile; fileRef = 90B236B7210EE3F100023274 /* libilocplex.a */; };
		90B236BA210EE3F100023274 /* libcplexdistmip.a in Frameworks */ = {isa = PBXBuildFile; fileRef = 90B236B8210EE3F100023274 /* libcplexdistmip.a */; };
/* End PBXBuildFile section */

/* Begin PBXCopyFilesBuildPhase section */
		90B236A2210EE2CD00023274 /* CopyFiles */ = {
			isa = PBXCopyFilesBuildPhase;
			buildActionMask = 2147483647;
			dstPath = /usr/share/man/man1/;
			dstSubfolderSpec = 0;
			files = (
			);
			runOnlyForDeploymentPostprocessing = 1;
		};
/* End PBXCopyFilesBuildPhase section */

/* Begin PBXFileReference section */
		9009993B211800C80029F294 /* Header.h */ = {isa = PBXFileReference; lastKnownFileType = sourcecode.c.h; path = Header.h; sourceTree = "<group>"; };
		9009993C211800F90029F294 /* AllPathsOfLengthK.cpp */ = {isa = PBXFileReference; lastKnownFileType = sourcecode.cpp.cpp; path = AllPathsOfLengthK.cpp; sourceTree = "<group>"; };
		9009993D211800F90029F294 /* AllPathsOfLengthK.hpp */ = {isa = PBXFileReference; lastKnownFileType = sourcecode.cpp.h; path = AllPathsOfLengthK.hpp; sourceTree = "<group>"; };
		90B236A4210EE2CD00023274 /* KidneyExchangeMechanisms */ = {isa = PBXFileReference; explicitFileType = "compiled.mach-o.executable"; includeInIndex = 0; path = KidneyExchangeMechanisms; sourceTree = BUILT_PRODUCTS_DIR; };
		90B236A7210EE2CD00023274 /* main.cpp */ = {isa = PBXFileReference; lastKnownFileType = sourcecode.cpp.cpp; path = main.cpp; sourceTree = "<group>"; };
		90B236AF210EE3A100023274 /* CoreFoundation.framework */ = {isa = PBXFileReference; lastKnownFileType = wrapper.framework; name = CoreFoundation.framework; path = System/Library/Frameworks/CoreFoundation.framework; sourceTree = SDKROOT; };
		90B236B1210EE3A900023274 /* IOKit.framework */ = {isa = PBXFileReference; lastKnownFileType = wrapper.framework; name = IOKit.framework; path = System/Library/Frameworks/IOKit.framework; sourceTree = SDKROOT; };
		90B236B3210EE3CA00023274 /* libconcert.a */ = {isa = PBXFileReference; lastKnownFileType = archive.ar; name = libconcert.a; path = "../../../../Applications/CPLEX_Studio128/concert/lib/x86-64_osx/static_pic/libconcert.a"; sourceTree = "<group>"; };
		90B236B5210EE3E000023274 /* libcplex.a */ = {isa = PBXFileReference; lastKnownFileType = archive.ar; name = libcplex.a; path = "../../../../Applications/CPLEX_Studio128/cplex/lib/x86-64_osx/static_pic/libcplex.a"; sourceTree = "<group>"; };
		90B236B7210EE3F100023274 /* libilocplex.a */ = {isa = PBXFileReference; lastKnownFileType = archive.ar; name = libilocplex.a; path = "../../../../Applications/CPLEX_Studio128/cplex/lib/x86-64_osx/static_pic/libilocplex.a"; sourceTree = "<group>"; };
		90B236B8210EE3F100023274 /* libcplexdistmip.a */ = {isa = PBXFileReference; lastKnownFileType = archive.ar; name = libcplexdistmip.a; path = "../../../../Applications/CPLEX_Studio128/cplex/lib/x86-64_osx/static_pic/libcplexdistmip.a"; sourceTree = "<group>"; };
/* End PBXFileReference section */

/* Begin PBXFrameworksBuildPhase section */
		90B236A1210EE2CD00023274 /* Frameworks */ = {
			isa = PBXFrameworksBuildPhase;
			buildActionMask = 2147483647;
			files = (
				90B236B9210EE3F100023274 /* libilocplex.a in Frameworks */,
				90B236BA210EE3F100023274 /* libcplexdistmip.a in Frameworks */,
				90B236B6210EE3E000023274 /* libcplex.a in Frameworks */,
				90B236B4210EE3CA00023274 /* libconcert.a in Frameworks */,
				90B236B2210EE3A900023274 /* IOKit.framework in Frameworks */,
				90B236B0210EE3A100023274 /* CoreFoundation.framework in Frameworks */,
			);
			runOnlyForDeploymentPostprocessing = 0;
		};
/* End PBXFrameworksBuildPhase section */

/* Begin PBXGroup section */
		90B2369B210EE2CC00023274 = {
			isa = PBXGroup;
			children = (
				9009993B211800C80029F294 /* Header.h */,
				90B236A6210EE2CD00023274 /* KidneyExchangeMechanisms */,
				90B236A5210EE2CD00023274 /* Products */,
				90B236AE210EE3A100023274 /* Frameworks */,
			);
			sourceTree = "<group>";
		};
		90B236A5210EE2CD00023274 /* Products */ = {
			isa = PBXGroup;
			children = (
				90B236A4210EE2CD00023274 /* KidneyExchangeMechanisms */,
			);
			name = Products;
			sourceTree = "<group>";
		};
		90B236A6210EE2CD00023274 /* KidneyExchangeMechanisms */ = {
			isa = PBXGroup;
			children = (
				9009993C211800F90029F294 /* AllPathsOfLengthK.cpp */,
				9009993D211800F90029F294 /* AllPathsOfLengthK.hpp */,
				90B236A7210EE2CD00023274 /* main.cpp */,
			);
			path = KidneyExchangeMechanisms;
			sourceTree = "<group>";
		};
		90B236AE210EE3A100023274 /* Frameworks */ = {
			isa = PBXGroup;
			children = (
				90B236B8210EE3F100023274 /* libcplexdistmip.a */,
				90B236B7210EE3F100023274 /* libilocplex.a */,
				90B236B5210EE3E000023274 /* libcplex.a */,
				90B236B3210EE3CA00023274 /* libconcert.a */,
				90B236B1210EE3A900023274 /* IOKit.framework */,
				90B236AF210EE3A100023274 /* CoreFoundation.framework */,
			);
			name = Frameworks;
			sourceTree = "<group>";
		};
/* End PBXGroup section */

/* Begin PBXNativeTarget section */
		90B236A3210EE2CD00023274 /* KidneyExchangeMechanisms */ = {
			isa = PBXNativeTarget;
			buildConfigurationList = 90B236AB210EE2CD00023274 /* Build configuration list for PBXNativeTarget "KidneyExchangeMechanisms" */;
			buildPhases = (
				90B236A0210EE2CD00023274 /* Sources */,
				90B236A1210EE2CD00023274 /* Frameworks */,
				90B236A2210EE2CD00023274 /* CopyFiles */,
			);
			buildRules = (
			);
			dependencies = (
			);
			name = KidneyExchangeMechanisms;
			productName = KidneyExchangeMechanisms;
			productReference = 90B236A4210EE2CD00023274 /* KidneyExchangeMechanisms */;
			productType = "com.apple.product-type.tool";
		};
/* End PBXNativeTarget section */

/* Begin PBXProject section */
		90B2369C210EE2CC00023274 /* Project object */ = {
			isa = PBXProject;
			attributes = {
				LastUpgradeCheck = 0940;
				ORGANIZATIONNAME = "Sameer Desai";
				TargetAttributes = {
					90B236A3210EE2CD00023274 = {
						CreatedOnToolsVersion = 9.4.1;
					};
				};
			};
			buildConfigurationList = 90B2369F210EE2CC00023274 /* Build configuration list for PBXProject "KidneyExchangeMechanisms" */;
			compatibilityVersion = "Xcode 9.3";
			developmentRegion = en;
			hasScannedForEncodings = 0;
			knownRegions = (
				en,
			);
			mainGroup = 90B2369B210EE2CC00023274;
			productRefGroup = 90B236A5210EE2CD00023274 /* Products */;
			projectDirPath = "";
			projectRoot = "";
			targets = (
				90B236A3210EE2CD00023274 /* KidneyExchangeMechanisms */,
			);
		};
/* End PBXProject section */

/* Begin PBXSourcesBuildPhase section */
		90B236A0210EE2CD00023274 /* Sources */ = {
			isa = PBXSourcesBuildPhase;
			buildActionMask = 2147483647;
			files = (
				90B236A8210EE2CD00023274 /* main.cpp in Sources */,
				9009993E211800F90029F294 /* AllPathsOfLengthK.cpp in Sources */,
			);
			runOnlyForDeploymentPostprocessing = 0;
		};
/* End PBXSourcesBuildPhase section */

/* Begin XCBuildConfiguration section */
		90B236A9210EE2CD00023274 /* Debug */ = {
			isa = XCBuildConfiguration;
			buildSettings = {
				ALWAYS_SEARCH_USER_PATHS = NO;
				CLANG_ANALYZER_NONNULL = YES;
				CLANG_ANALYZER_NUMBER_OBJECT_CONVERSION = YES_AGGRESSIVE;
				CLANG_CXX_LANGUAGE_STANDARD = "gnu++14";
				CLANG_CXX_LIBRARY = "libc++";
				CLANG_ENABLE_MODULES = YES;
				CLANG_ENABLE_OBJC_ARC = YES;
				CLANG_ENABLE_OBJC_WEAK = YES;
				CLANG_WARN_BLOCK_CAPTURE_AUTORELEASING = YES;
				CLANG_WARN_BOOL_CONVERSION = YES;
				CLANG_WARN_COMMA = YES;
				CLANG_WARN_CONSTANT_CONVERSION = YES;
				CLANG_WARN_DEPRECATED_OBJC_IMPLEMENTATIONS = YES;
				CLANG_WARN_DIRECT_OBJC_ISA_USAGE = YES_ERROR;
				CLANG_WARN_DOCUMENTATION_COMMENTS = YES;
				CLANG_WARN_EMPTY_BODY = YES;
				CLANG_WARN_ENUM_CONVERSION = YES;
				CLANG_WARN_INFINITE_RECURSION = YES;
				CLANG_WARN_INT_CONVERSION = YES;
				CLANG_WARN_NON_LITERAL_NULL_CONVERSION = YES;
				CLANG_WARN_OBJC_IMPLICIT_RETAIN_SELF = YES;
				CLANG_WARN_OBJC_LITERAL_CONVERSION = YES;
				CLANG_WARN_OBJC_ROOT_CLASS = YES_ERROR;
				CLANG_WARN_RANGE_LOOP_ANALYSIS = YES;
				CLANG_WARN_STRICT_PROTOTYPES = YES;
				CLANG_WARN_SUSPICIOUS_MOVE = YES;
				CLANG_WARN_UNGUARDED_AVAILABILITY = YES_AGGRESSIVE;
				CLANG_WARN_UNREACHABLE_CODE = YES;
				CLANG_WARN__DUPLICATE_METHOD_MATCH = YES;
				CODE_SIGN_IDENTITY = "-";
				COPY_PHASE_STRIP = NO;
				DEBUG_INFORMATION_FORMAT = dwarf;
				ENABLE_STRICT_OBJC_MSGSEND = YES;
				ENABLE_TESTABILITY = YES;
				GCC_C_LANGUAGE_STANDARD = gnu11;
				GCC_DYNAMIC_NO_PIC = NO;
				GCC_NO_COMMON_BLOCKS = YES;
				GCC_OPTIMIZATION_LEVEL = 0;
				GCC_PREPROCESSOR_DEFINITIONS = (
					"DEBUG=1",
					"$(inherited)",
				);
				GCC_WARN_64_TO_32_BIT_CONVERSION = YES;
				GCC_WARN_ABOUT_RETURN_TYPE = YES_ERROR;
				GCC_WARN_UNDECLARED_SELECTOR = YES;
				GCC_WARN_UNINITIALIZED_AUTOS = YES_AGGRESSIVE;
				GCC_WARN_UNUSED_FUNCTION = YES;
				GCC_WARN_UNUSED_VARIABLE = YES;
				HEADER_SEARCH_PATHS = (
					/Applications/CPLEX_Studio128/cplex/include,
					/Applications/CPLEX_Studio128/concert/include,
				);
				LIBRARY_SEARCH_PATHS = (
					"\"/Applications/CPLEX_Studio128/cplex/lib/x86-64_osx/static_pic\"",
					"\"/Applications/CPLEX_Studio128/concert/lib/x86-64_osx/static_pic\"",
				);
				MACOSX_DEPLOYMENT_TARGET = 10.13;
				MTL_ENABLE_DEBUG_INFO = YES;
				ONLY_ACTIVE_ARCH = YES;
				OTHER_CFLAGS = "-DIL_STD";
				SDKROOT = macosx;
			};
			name = Debug;
		};
		90B236AA210EE2CD00023274 /* Release */ = {
			isa = XCBuildConfiguration;
			buildSettings = {
				ALWAYS_SEARCH_USER_PATHS = NO;
				CLANG_ANALYZER_NONNULL = YES;
				CLANG_ANALYZER_NUMBER_OBJECT_CONVERSION = YES_AGGRESSIVE;
				CLANG_CXX_LANGUAGE_STANDARD = "gnu++14";
				CLANG_CXX_LIBRARY = "libc++";
				CLANG_ENABLE_MODULES = YES;
				CLANG_ENABLE_OBJC_ARC = YES;
				CLANG_ENABLE_OBJC_WEAK = YES;
				CLANG_WARN_BLOCK_CAPTURE_AUTORELEASING = YES;
				CLANG_WARN_BOOL_CONVERSION = YES;
				CLANG_WARN_COMMA = YES;
				CLANG_WARN_CONSTANT_CONVERSION = YES;
				CLANG_WARN_DEPRECATED_OBJC_IMPLEMENTATIONS = YES;
				CLANG_WARN_DIRECT_OBJC_ISA_USAGE = YES_ERROR;
				CLANG_WARN_DOCUMENTATION_COMMENTS = YES;
				CLANG_WARN_EMPTY_BODY = YES;
				CLANG_WARN_ENUM_CONVERSION = YES;
				CLANG_WARN_INFINITE_RECURSION = YES;
				CLANG_WARN_INT_CONVERSION = YES;
				CLANG_WARN_NON_LITERAL_NULL_CONVERSION = YES;
				CLANG_WARN_OBJC_IMPLICIT_RETAIN_SELF = YES;
				CLANG_WARN_OBJC_LITERAL_CONVERSION = YES;
				CLANG_WARN_OBJC_ROOT_CLASS = YES_ERROR;
				CLANG_WARN_RANGE_LOOP_ANALYSIS = YES;
				CLANG_WARN_STRICT_PROTOTYPES = YES;
				CLANG_WARN_SUSPICIOUS_MOVE = YES;
				CLANG_WARN_UNGUARDED_AVAILABILITY = YES_AGGRESSIVE;
				CLANG_WARN_UNREACHABLE_CODE = YES;
				CLANG_WARN__DUPLICATE_METHOD_MATCH = YES;
				CODE_SIGN_IDENTITY = "-";
				COPY_PHASE_STRIP = NO;
				DEBUG_INFORMATION_FORMAT = "dwarf-with-dsym";
				ENABLE_NS_ASSERTIONS = NO;
				ENABLE_STRICT_OBJC_MSGSEND = YES;
				GCC_C_LANGUAGE_STANDARD = gnu11;
				GCC_NO_COMMON_BLOCKS = YES;
				GCC_WARN_64_TO_32_BIT_CONVERSION = YES;
				GCC_WARN_ABOUT_RETURN_TYPE = YES_ERROR;
				GCC_WARN_UNDECLARED_SELECTOR = YES;
				GCC_WARN_UNINITIALIZED_AUTOS = YES_AGGRESSIVE;
				GCC_WARN_UNUSED_FUNCTION = YES;
				GCC_WARN_UNUSED_VARIABLE = YES;
				HEADER_SEARCH_PATHS = (
					/Applications/CPLEX_Studio128/cplex/include,
					/Applications/CPLEX_Studio128/concert/include,
				);
				LIBRARY_SEARCH_PATHS = (
					"\"/Applications/CPLEX_Studio128/cplex/lib/x86-64_osx/static_pic\"",
					"\"/Applications/CPLEX_Studio128/concert/lib/x86-64_osx/static_pic\"",
				);
				MACOSX_DEPLOYMENT_TARGET = 10.13;
				MTL_ENABLE_DEBUG_INFO = NO;
				OTHER_CFLAGS = "-DIL_STD";
				SDKROOT = macosx;
			};
			name = Release;
		};
		90B236AC210EE2CD00023274 /* Debug */ = {
			isa = XCBuildConfiguration;
			buildSettings = {
				CODE_SIGN_STYLE = Automatic;
				PRODUCT_NAME = "$(TARGET_NAME)";
			};
			name = Debug;
		};
		90B236AD210EE2CD00023274 /* Release */ = {
			isa = XCBuildConfiguration;
			buildSettings = {
				CODE_SIGN_STYLE = Automatic;
				PRODUCT_NAME = "$(TARGET_NAME)";
			};
			name = Release;
		};
/* End XCBuildConfiguration section */

/* Begin XCConfigurationList section */
		90B2369F210EE2CC00023274 /* Build configuration list for PBXProject "KidneyExchangeMechanisms" */ = {
			isa = XCConfigurationList;
			buildConfigurations = (
				90B236A9210EE2CD00023274 /* Debug */,
				90B236AA210EE2CD00023274 /* Release */,
			);
			defaultConfigurationIsVisible = 0;
			defaultConfigurationName = Release;
		};
		90B236AB210EE2CD00023274 /* Build configuration list for PBXNativeTarget "KidneyExchangeMechanisms" */ = {
			isa = XCConfigurationList;
			buildConfigurations = (
				90B236AC210EE2CD00023274 /* Debug */,
				90B236AD210EE2CD00023274 /* Release */,
			);
			defaultConfigurationIsVisible = 0;
			defaultConfigurationName = Release;
		};
/* End XCConfigurationList section */
	};
	rootObject = 90B2369C210EE2CC00023274 /* Project object */;
}
